
Microsoft Visual Studio Solution File, Format Version 12.00
# Visual Studio 15
VisualStudioVersion = 15.0.27130.2027
MinimumVisualStudioVersion = 10.0.40219.1
Project("{FAE04EC0-301F-11D3-BF4B-00C04F79EFBC}") = "ArduLock.Communication", "ArduLock.Communication\ArduLock.Communication.csproj", "{A2DF1BD0-0D2B-4AE1-9A33-C925485B5B1B}"
EndProject
Project("{FAE04EC0-301F-11D3-BF4B-00C04F79EFBC}") = "ArduLock.App.Client", "ArduLock.App.Client\ArduLock.App.Client.csproj", "{D4F1A803-8C95-4856-973C-11327F214CD0}"
EndProject
Project("{FAE04EC0-301F-11D3-BF4B-00C04F79EFBC}") = "ArduLock.WindowsService", "ArduLock.WindowsService\ArduLock.WindowsService.csproj", "{72337F66-9182-4FA9-A11D-BDF3B7AC3E93}"
EndProject
Project("{2150E333-8FDC-42A3-9474-1A3956D46DE8}") = "Solution Items", "Solution Items", "{C63ED59E-956A-4DAD-AC54-FC43741F4C62}"
	ProjectSection(SolutionItems) = preProject
		.gitignore = .gitignore
	EndProjectSection
EndProject
Project("{FAE04EC0-301F-11D3-BF4B-00C04F79EFBC}") = "ArduLock.Core", "ArduLock.Core\ArduLock.Core.csproj", "{01A7AAD3-575E-40DA-B375-0A973C7364D0}"
EndProject
Global
	GlobalSection(SolutionConfigurationPlatforms) = preSolution
		Debug|Any CPU = Debug|Any CPU
		Release|Any CPU = Release|Any CPU
	EndGlobalSection
	GlobalSection(ProjectConfigurationPlatforms) = postSolution
		{A2DF1BD0-0D2B-4AE1-9A33-C925485B5B1B}.Debug|Any CPU.ActiveCfg = Debug|Any CPU
		{A2DF1BD0-0D2B-4AE1-9A33-C925485B5B1B}.Debug|Any CPU.Build.0 = Debug|Any CPU
		{A2DF1BD0-0D2B-4AE1-9A33-C925485B5B1B}.Release|Any CPU.ActiveCfg = Release|Any CPU
		{A2DF1BD0-0D2B-4AE1-9A33-C925485B5B1B}.Release|Any CPU.Build.0 = Release|Any CPU
		{D4F1A803-8C95-4856-973C-11327F214CD0}.Debug|Any CPU.ActiveCfg = Debug|Any CPU
		{D4F1A803-8C95-4856-973C-11327F214CD0}.Debug|Any CPU.Build.0 = Debug|Any CPU
		{D4F1A803-8C95-4856-973C-11327F214CD0}.Release|Any CPU.ActiveCfg = Release|Any CPU
		{D4F1A803-8C95-4856-973C-11327F214CD0}.Release|Any CPU.Build.0 = Release|Any CPU
		{72337F66-9182-4FA9-A11D-BDF3B7AC3E93}.Debug|Any CPU.ActiveCfg = Debug|Any CPU
		{72337F66-9182-4FA9-A11D-BDF3B7AC3E93}.Debug|Any CPU.Build.0 = Debug|Any CPU
		{72337F66-9182-4FA9-A11D-BDF3B7AC3E93}.Release|Any CPU.ActiveCfg = Release|Any CPU
		{72337F66-9182-4FA9-A11D-BDF3B7AC3E93}.Release|Any CPU.Build.0 = Release|Any CPU
		{01A7AAD3-575E-40DA-B375-0A973C7364D0}.Debug|Any CPU.ActiveCfg = Debug|Any CPU
		{01A7AAD3-575E-40DA-B375-0A973C7364D0}.Debug|Any CPU.Build.0 = Debug|Any CPU
		{01A7AAD3-575E-40DA-B375-0A973C7364D0}.Release|Any CPU.ActiveCfg = Release|Any CPU
		{01A7AAD3-575E-40DA-B375-0A973C7364D0}.Release|Any CPU.Build.0 = Release|Any CPU
	EndGlobalSection
	GlobalSection(SolutionProperties) = preSolution
		HideSolutionNode = FALSE
	EndGlobalSection
	GlobalSection(ExtensibilityGlobals) = postSolution
		SolutionGuid = {A40093AB-C55E-4B99-8576-56D2D24A1A72}
	EndGlobalSection
EndGlobal
